// !$*UTF8*$!
{
	archiveVersion = 1;
	classes = {
	};
	objectVersion = 46;
	objects = {

/* Begin PBXBuildFile section */
		3D0C18921E5A82C2008CA470 /* ActivityView.m in Sources */ = {isa = PBXBuildFile; fileRef = 3D0C18911E5A82C2008CA470 /* ActivityView.m */; };
		3D0C18951E5AB0E2008CA470 /* DateTimePickerController.m in Sources */ = {isa = PBXBuildFile; fileRef = 3D0C18941E5AB0E2008CA470 /* DateTimePickerController.m */; };
		3D2F4B041E6FB2A600030536 /* RecommendListViewController.m in Sources */ = {isa = PBXBuildFile; fileRef = 3D2F4B031E6FB2A600030536 /* RecommendListViewController.m */; };
		3D41D7661E5583C400123A71 /* ShopViewController.m in Sources */ = {isa = PBXBuildFile; fileRef = 3D41D7651E5583C400123A71 /* ShopViewController.m */; };
		3D41D7691E5583D700123A71 /* UserViewController.m in Sources */ = {isa = PBXBuildFile; fileRef = 3D41D7681E5583D700123A71 /* UserViewController.m */; };
		3D41D76C1E558C9100123A71 /* LoginViewController.m in Sources */ = {isa = PBXBuildFile; fileRef = 3D41D76B1E558C9100123A71 /* LoginViewController.m */; };
		3D41D7931E55903800123A71 /* IQNSArray+Sort.m in Sources */ = {isa = PBXBuildFile; fileRef = 3D41D7711E55903800123A71 /* IQNSArray+Sort.m */; };
		3D41D7941E55903800123A71 /* IQUIScrollView+Additions.m in Sources */ = {isa = PBXBuildFile; fileRef = 3D41D7731E55903800123A71 /* IQUIScrollView+Additions.m */; };
		3D41D7951E55903800123A71 /* IQUITextFieldView+Additions.m in Sources */ = {isa = PBXBuildFile; fileRef = 3D41D7751E55903800123A71 /* IQUITextFieldView+Additions.m */; };
		3D41D7961E55903800123A71 /* IQUIView+Hierarchy.m in Sources */ = {isa = PBXBuildFile; fileRef = 3D41D7771E55903800123A71 /* IQUIView+Hierarchy.m */; };
		3D41D7971E55903800123A71 /* IQUIViewController+Additions.m in Sources */ = {isa = PBXBuildFile; fileRef = 3D41D7791E55903800123A71 /* IQUIViewController+Additions.m */; };
		3D41D7981E55903800123A71 /* IQUIWindow+Hierarchy.m in Sources */ = {isa = PBXBuildFile; fileRef = 3D41D77B1E55903800123A71 /* IQUIWindow+Hierarchy.m */; };
		3D41D7991E55903800123A71 /* IQKeyboardManager.m in Sources */ = {isa = PBXBuildFile; fileRef = 3D41D7801E55903800123A71 /* IQKeyboardManager.m */; };
		3D41D79A1E55903800123A71 /* IQKeyboardReturnKeyHandler.m in Sources */ = {isa = PBXBuildFile; fileRef = 3D41D7821E55903800123A71 /* IQKeyboardReturnKeyHandler.m */; };
		3D41D79B1E55903800123A71 /* IQTextView.m in Sources */ = {isa = PBXBuildFile; fileRef = 3D41D7851E55903800123A71 /* IQTextView.m */; };
		3D41D79C1E55903800123A71 /* IQBarButtonItem.m in Sources */ = {isa = PBXBuildFile; fileRef = 3D41D7881E55903800123A71 /* IQBarButtonItem.m */; };
		3D41D79D1E55903800123A71 /* IQPreviousNextView.m in Sources */ = {isa = PBXBuildFile; fileRef = 3D41D78A1E55903800123A71 /* IQPreviousNextView.m */; };
		3D41D79E1E55903800123A71 /* IQTitleBarButtonItem.m in Sources */ = {isa = PBXBuildFile; fileRef = 3D41D78C1E55903800123A71 /* IQTitleBarButtonItem.m */; };
		3D41D79F1E55903800123A71 /* IQToolbar.m in Sources */ = {isa = PBXBuildFile; fileRef = 3D41D78E1E55903800123A71 /* IQToolbar.m */; };
		3D41D7A01E55903800123A71 /* IQUIView+IQKeyboardToolbar.m in Sources */ = {isa = PBXBuildFile; fileRef = 3D41D7901E55903800123A71 /* IQUIView+IQKeyboardToolbar.m */; };
		3D41D7A11E55903800123A71 /* IQKeyboardManager.bundle in Resources */ = {isa = PBXBuildFile; fileRef = 3D41D7921E55903800123A71 /* IQKeyboardManager.bundle */; };
		3D41D7C71E56E33A00123A71 /* AFHTTPSessionManager.m in Sources */ = {isa = PBXBuildFile; fileRef = 3D41D7A51E56E33A00123A71 /* AFHTTPSessionManager.m */; };
		3D41D7C81E56E33A00123A71 /* AFNetworkReachabilityManager.m in Sources */ = {isa = PBXBuildFile; fileRef = 3D41D7A81E56E33A00123A71 /* AFNetworkReachabilityManager.m */; };
		3D41D7C91E56E33A00123A71 /* AFSecurityPolicy.m in Sources */ = {isa = PBXBuildFile; fileRef = 3D41D7AA1E56E33A00123A71 /* AFSecurityPolicy.m */; };
		3D41D7CA1E56E33A00123A71 /* AFURLRequestSerialization.m in Sources */ = {isa = PBXBuildFile; fileRef = 3D41D7AC1E56E33A00123A71 /* AFURLRequestSerialization.m */; };
		3D41D7CB1E56E33A00123A71 /* AFURLResponseSerialization.m in Sources */ = {isa = PBXBuildFile; fileRef = 3D41D7AE1E56E33A00123A71 /* AFURLResponseSerialization.m */; };
		3D41D7CC1E56E33A00123A71 /* AFURLSessionManager.m in Sources */ = {isa = PBXBuildFile; fileRef = 3D41D7B01E56E33A00123A71 /* AFURLSessionManager.m */; };
		3D41D7CD1E56E33A00123A71 /* AFAutoPurgingImageCache.m in Sources */ = {isa = PBXBuildFile; fileRef = 3D41D7B41E56E33A00123A71 /* AFAutoPurgingImageCache.m */; };
		3D41D7CE1E56E33A00123A71 /* AFImageDownloader.m in Sources */ = {isa = PBXBuildFile; fileRef = 3D41D7B61E56E33A00123A71 /* AFImageDownloader.m */; };
		3D41D7CF1E56E33A00123A71 /* AFNetworkActivityIndicatorManager.m in Sources */ = {isa = PBXBuildFile; fileRef = 3D41D7B81E56E33A00123A71 /* AFNetworkActivityIndicatorManager.m */; };
		3D41D7D01E56E33A00123A71 /* UIActivityIndicatorView+AFNetworking.m in Sources */ = {isa = PBXBuildFile; fileRef = 3D41D7BA1E56E33A00123A71 /* UIActivityIndicatorView+AFNetworking.m */; };
		3D41D7D11E56E33A00123A71 /* UIButton+AFNetworking.m in Sources */ = {isa = PBXBuildFile; fileRef = 3D41D7BC1E56E33A00123A71 /* UIButton+AFNetworking.m */; };
		3D41D7D21E56E33A00123A71 /* UIImageView+AFNetworking.m in Sources */ = {isa = PBXBuildFile; fileRef = 3D41D7BF1E56E33A00123A71 /* UIImageView+AFNetworking.m */; };
		3D41D7D31E56E33A00123A71 /* UIProgressView+AFNetworking.m in Sources */ = {isa = PBXBuildFile; fileRef = 3D41D7C21E56E33A00123A71 /* UIProgressView+AFNetworking.m */; };
		3D41D7D41E56E33A00123A71 /* UIRefreshControl+AFNetworking.m in Sources */ = {isa = PBXBuildFile; fileRef = 3D41D7C41E56E33A00123A71 /* UIRefreshControl+AFNetworking.m */; };
		3D41D7D51E56E33A00123A71 /* UIWebView+AFNetworking.m in Sources */ = {isa = PBXBuildFile; fileRef = 3D41D7C61E56E33A00123A71 /* UIWebView+AFNetworking.m */; };
		3D6BF9051E6E9F8D00EA3ADB /* iCarousel.m in Sources */ = {isa = PBXBuildFile; fileRef = 3D6BF9031E6E9F8D00EA3ADB /* iCarousel.m */; };
		3D6BF9061E6E9F8D00EA3ADB /* Info.plist in Resources */ = {isa = PBXBuildFile; fileRef = 3D6BF9041E6E9F8D00EA3ADB /* Info.plist */; };
		3D6BF9091E6EA44400EA3ADB /* background.png in Resources */ = {isa = PBXBuildFile; fileRef = 3D6BF9071E6EA44400EA3ADB /* background.png */; };
		3D6BF90A1E6EA44400EA3ADB /* page.png in Resources */ = {isa = PBXBuildFile; fileRef = 3D6BF9081E6EA44400EA3ADB /* page.png */; };
		3DFD45B41E5EDEFF00069D7D /* OrderProductTableViewCell.m in Sources */ = {isa = PBXBuildFile; fileRef = 3DFD45B31E5EDEFF00069D7D /* OrderProductTableViewCell.m */; };
		3DFD45B71E5EE4AC00069D7D /* ProductManager.m in Sources */ = {isa = PBXBuildFile; fileRef = 3DFD45B61E5EE4AC00069D7D /* ProductManager.m */; };
		3DFD45BA1E5EE62F00069D7D /* ShopManager.m in Sources */ = {isa = PBXBuildFile; fileRef = 3DFD45B91E5EE62F00069D7D /* ShopManager.m */; };
		3DFD45BD1E5EE69C00069D7D /* SupplyManager.m in Sources */ = {isa = PBXBuildFile; fileRef = 3DFD45BC1E5EE69C00069D7D /* SupplyManager.m */; };
		3DFD45C01E5EE8CD00069D7D /* OrderManager.m in Sources */ = {isa = PBXBuildFile; fileRef = 3DFD45BF1E5EE8CD00069D7D /* OrderManager.m */; };
		742F5FFF1E5F5DB200DB1498 /* BaseViewController.m in Sources */ = {isa = PBXBuildFile; fileRef = 742F5FFE1E5F5DB200DB1498 /* BaseViewController.m */; };
		743242181E614EA6006ABCA0 /* CallbackAlertView.m in Sources */ = {isa = PBXBuildFile; fileRef = 743242171E614EA6006ABCA0 /* CallbackAlertView.m */; };
		744424EB1E6B089100F0ECA8 /* ShopProductTableViewCell.m in Sources */ = {isa = PBXBuildFile; fileRef = 744424EA1E6B089100F0ECA8 /* ShopProductTableViewCell.m */; };
		744424EE1E6B1BE900F0ECA8 /* ShopOrderViewController.m in Sources */ = {isa = PBXBuildFile; fileRef = 744424ED1E6B1BE900F0ECA8 /* ShopOrderViewController.m */; };
		7466EAED1E51E95E00A2C0F5 /* main.m in Sources */ = {isa = PBXBuildFile; fileRef = 7466EAEC1E51E95E00A2C0F5 /* main.m */; };
		7466EAF01E51E95E00A2C0F5 /* AppDelegate.m in Sources */ = {isa = PBXBuildFile; fileRef = 7466EAEF1E51E95E00A2C0F5 /* AppDelegate.m */; };
		7466EAF81E51E95E00A2C0F5 /* Assets.xcassets in Resources */ = {isa = PBXBuildFile; fileRef = 7466EAF71E51E95E00A2C0F5 /* Assets.xcassets */; };
		7466EAFB1E51E95F00A2C0F5 /* LaunchScreen.storyboard in Resources */ = {isa = PBXBuildFile; fileRef = 7466EAF91E51E95F00A2C0F5 /* LaunchScreen.storyboard */; };
		7466EB031E51F5DB00A2C0F5 /* MarketManager.storyboard in Resources */ = {isa = PBXBuildFile; fileRef = 7466EB021E51F5DB00A2C0F5 /* MarketManager.storyboard */; };
		7466EB0E1E51F8C900A2C0F5 /* MenuViewController.m in Sources */ = {isa = PBXBuildFile; fileRef = 7466EB0B1E51F8C900A2C0F5 /* MenuViewController.m */; };
		7466EB0F1E51F8C900A2C0F5 /* MenuCell.m in Sources */ = {isa = PBXBuildFile; fileRef = 7466EB0D1E51F8C900A2C0F5 /* MenuCell.m */; };
		7466EB121E51F9A800A2C0F5 /* OrderViewController.m in Sources */ = {isa = PBXBuildFile; fileRef = 7466EB111E51F9A800A2C0F5 /* OrderViewController.m */; };
		7466EB191E51FB1000A2C0F5 /* Utils.m in Sources */ = {isa = PBXBuildFile; fileRef = 7466EB181E51FB1000A2C0F5 /* Utils.m */; };
		748B20D31E6200C200571111 /* AddNewShopViewController.m in Sources */ = {isa = PBXBuildFile; fileRef = 748B20D21E6200C200571111 /* AddNewShopViewController.m */; };
		748B20D61E620D8700571111 /* AddNewSupplyViewController.m in Sources */ = {isa = PBXBuildFile; fileRef = 748B20D51E620D8700571111 /* AddNewSupplyViewController.m */; };
		748B3A841E62914800AA9AA6 /* AddNewUserViewController.m in Sources */ = {isa = PBXBuildFile; fileRef = 748B3A831E62914800AA9AA6 /* AddNewUserViewController.m */; };
		748B3A871E62944E00AA9AA6 /* UserManager.m in Sources */ = {isa = PBXBuildFile; fileRef = 748B3A861E62944E00AA9AA6 /* UserManager.m */; };
		748B3A8A1E62C36300AA9AA6 /* ValidateService.m in Sources */ = {isa = PBXBuildFile; fileRef = 748B3A891E62C36300AA9AA6 /* ValidateService.m */; };
		74E904451E57F54D005D391D /* ProductCell.m in Sources */ = {isa = PBXBuildFile; fileRef = 74E904441E57F54D005D391D /* ProductCell.m */; };
		74E904561E57F781005D391D /* Product.m in Sources */ = {isa = PBXBuildFile; fileRef = 74E904551E57F781005D391D /* Product.m */; };
		74E904591E58174A005D391D /* ProductPopOverViewController.m in Sources */ = {isa = PBXBuildFile; fileRef = 74E904581E58174A005D391D /* ProductPopOverViewController.m */; };
		74E9045C1E5822AD005D391D /* ProductDetailViewController.m in Sources */ = {isa = PBXBuildFile; fileRef = 74E9045B1E5822AD005D391D /* ProductDetailViewController.m */; };
		74E904601E585785005D391D /* ShopTableViewCell.m in Sources */ = {isa = PBXBuildFile; fileRef = 74E9045F1E585785005D391D /* ShopTableViewCell.m */; };
		74E904631E585834005D391D /* Shop.m in Sources */ = {isa = PBXBuildFile; fileRef = 74E904621E585834005D391D /* Shop.m */; };
		74E904691E585DE0005D391D /* ShopDetailViewController.m in Sources */ = {isa = PBXBuildFile; fileRef = 74E904681E585DE0005D391D /* ShopDetailViewController.m */; };
		74E9046D1E58616F005D391D /* SupplyTableViewCell.m in Sources */ = {isa = PBXBuildFile; fileRef = 74E9046C1E58616F005D391D /* SupplyTableViewCell.m */; };
		74E904701E586189005D391D /* Supply.m in Sources */ = {isa = PBXBuildFile; fileRef = 74E9046F1E586189005D391D /* Supply.m */; };
		74ED22271E59F7160079D3F0 /* SupplyDetailViewController.m in Sources */ = {isa = PBXBuildFile; fileRef = 74ED22261E59F7160079D3F0 /* SupplyDetailViewController.m */; };
		74ED222A1E59FC660079D3F0 /* Order.m in Sources */ = {isa = PBXBuildFile; fileRef = 74ED22291E59FC660079D3F0 /* Order.m */; };
		74ED222E1E59FF1E0079D3F0 /* OrderTableViewCell.m in Sources */ = {isa = PBXBuildFile; fileRef = 74ED222D1E59FF1E0079D3F0 /* OrderTableViewCell.m */; };
		74ED22311E59FF560079D3F0 /* OrderPopOverViewController.m in Sources */ = {isa = PBXBuildFile; fileRef = 74ED22301E59FF560079D3F0 /* OrderPopOverViewController.m */; };
		74ED22341E59FF6E0079D3F0 /* OrderDetailViewController.m in Sources */ = {isa = PBXBuildFile; fileRef = 74ED22331E59FF6E0079D3F0 /* OrderDetailViewController.m */; };
		74ED22371E5A05350079D3F0 /* User.m in Sources */ = {isa = PBXBuildFile; fileRef = 74ED22361E5A05350079D3F0 /* User.m */; };
		74ED223B1E5A05A00079D3F0 /* UserTableViewCell.m in Sources */ = {isa = PBXBuildFile; fileRef = 74ED223A1E5A05A00079D3F0 /* UserTableViewCell.m */; };
		74ED223E1E5A05B40079D3F0 /* UserDetailViewController.m in Sources */ = {isa = PBXBuildFile; fileRef = 74ED223D1E5A05B40079D3F0 /* UserDetailViewController.m */; };
		BCB4614A1E545EB90090CBC3 /* ProductViewController.m in Sources */ = {isa = PBXBuildFile; fileRef = BCB461491E545EB90090CBC3 /* ProductViewController.m */; };
		BCB4614D1E545EFA0090CBC3 /* SupplyViewController.m in Sources */ = {isa = PBXBuildFile; fileRef = BCB4614C1E545EFA0090CBC3 /* SupplyViewController.m */; };
/* End PBXBuildFile section */

/* Begin PBXFileReference section */
		3D0C18901E5A82C2008CA470 /* ActivityView.h */ = {isa = PBXFileReference; fileEncoding = 4; lastKnownFileType = sourcecode.c.h; path = ActivityView.h; sourceTree = "<group>"; };
		3D0C18911E5A82C2008CA470 /* ActivityView.m */ = {isa = PBXFileReference; fileEncoding = 4; lastKnownFileType = sourcecode.c.objc; path = ActivityView.m; sourceTree = "<group>"; };
		3D0C18931E5AB0E2008CA470 /* DateTimePickerController.h */ = {isa = PBXFileReference; fileEncoding = 4; lastKnownFileType = sourcecode.c.h; path = DateTimePickerController.h; sourceTree = "<group>"; };
		3D0C18941E5AB0E2008CA470 /* DateTimePickerController.m */ = {isa = PBXFileReference; fileEncoding = 4; lastKnownFileType = sourcecode.c.objc; path = DateTimePickerController.m; sourceTree = "<group>"; };
		3D2F4B021E6FB2A600030536 /* RecommendListViewController.h */ = {isa = PBXFileReference; fileEncoding = 4; lastKnownFileType = sourcecode.c.h; path = RecommendListViewController.h; sourceTree = "<group>"; };
		3D2F4B031E6FB2A600030536 /* RecommendListViewController.m */ = {isa = PBXFileReference; fileEncoding = 4; lastKnownFileType = sourcecode.c.objc; path = RecommendListViewController.m; sourceTree = "<group>"; };
		3D41D7641E5583C400123A71 /* ShopViewController.h */ = {isa = PBXFileReference; fileEncoding = 4; lastKnownFileType = sourcecode.c.h; path = ShopViewController.h; sourceTree = "<group>"; };
		3D41D7651E5583C400123A71 /* ShopViewController.m */ = {isa = PBXFileReference; fileEncoding = 4; lastKnownFileType = sourcecode.c.objc; path = ShopViewController.m; sourceTree = "<group>"; };
		3D41D7671E5583D700123A71 /* UserViewController.h */ = {isa = PBXFileReference; fileEncoding = 4; lastKnownFileType = sourcecode.c.h; path = UserViewController.h; sourceTree = "<group>"; };
		3D41D7681E5583D700123A71 /* UserViewController.m */ = {isa = PBXFileReference; fileEncoding = 4; lastKnownFileType = sourcecode.c.objc; path = UserViewController.m; sourceTree = "<group>"; };
		3D41D76A1E558C9100123A71 /* LoginViewController.h */ = {isa = PBXFileReference; fileEncoding = 4; lastKnownFileType = sourcecode.c.h; path = LoginViewController.h; sourceTree = "<group>"; };
		3D41D76B1E558C9100123A71 /* LoginViewController.m */ = {isa = PBXFileReference; fileEncoding = 4; lastKnownFileType = sourcecode.c.objc; path = LoginViewController.m; sourceTree = "<group>"; };
		3D41D7701E55903800123A71 /* IQNSArray+Sort.h */ = {isa = PBXFileReference; fileEncoding = 4; lastKnownFileType = sourcecode.c.h; path = "IQNSArray+Sort.h"; sourceTree = "<group>"; };
		3D41D7711E55903800123A71 /* IQNSArray+Sort.m */ = {isa = PBXFileReference; fileEncoding = 4; lastKnownFileType = sourcecode.c.objc; path = "IQNSArray+Sort.m"; sourceTree = "<group>"; };
		3D41D7721E55903800123A71 /* IQUIScrollView+Additions.h */ = {isa = PBXFileReference; fileEncoding = 4; lastKnownFileType = sourcecode.c.h; path = "IQUIScrollView+Additions.h"; sourceTree = "<group>"; };
		3D41D7731E55903800123A71 /* IQUIScrollView+Additions.m */ = {isa = PBXFileReference; fileEncoding = 4; lastKnownFileType = sourcecode.c.objc; path = "IQUIScrollView+Additions.m"; sourceTree = "<group>"; };
		3D41D7741E55903800123A71 /* IQUITextFieldView+Additions.h */ = {isa = PBXFileReference; fileEncoding = 4; lastKnownFileType = sourcecode.c.h; path = "IQUITextFieldView+Additions.h"; sourceTree = "<group>"; };
		3D41D7751E55903800123A71 /* IQUITextFieldView+Additions.m */ = {isa = PBXFileReference; fileEncoding = 4; lastKnownFileType = sourcecode.c.objc; path = "IQUITextFieldView+Additions.m"; sourceTree = "<group>"; };
		3D41D7761E55903800123A71 /* IQUIView+Hierarchy.h */ = {isa = PBXFileReference; fileEncoding = 4; lastKnownFileType = sourcecode.c.h; path = "IQUIView+Hierarchy.h"; sourceTree = "<group>"; };
		3D41D7771E55903800123A71 /* IQUIView+Hierarchy.m */ = {isa = PBXFileReference; fileEncoding = 4; lastKnownFileType = sourcecode.c.objc; path = "IQUIView+Hierarchy.m"; sourceTree = "<group>"; };
		3D41D7781E55903800123A71 /* IQUIViewController+Additions.h */ = {isa = PBXFileReference; fileEncoding = 4; lastKnownFileType = sourcecode.c.h; path = "IQUIViewController+Additions.h"; sourceTree = "<group>"; };
		3D41D7791E55903800123A71 /* IQUIViewController+Additions.m */ = {isa = PBXFileReference; fileEncoding = 4; lastKnownFileType = sourcecode.c.objc; path = "IQUIViewController+Additions.m"; sourceTree = "<group>"; };
		3D41D77A1E55903800123A71 /* IQUIWindow+Hierarchy.h */ = {isa = PBXFileReference; fileEncoding = 4; lastKnownFileType = sourcecode.c.h; path = "IQUIWindow+Hierarchy.h"; sourceTree = "<group>"; };
		3D41D77B1E55903800123A71 /* IQUIWindow+Hierarchy.m */ = {isa = PBXFileReference; fileEncoding = 4; lastKnownFileType = sourcecode.c.objc; path = "IQUIWindow+Hierarchy.m"; sourceTree = "<group>"; };
		3D41D77D1E55903800123A71 /* IQKeyboardManagerConstants.h */ = {isa = PBXFileReference; fileEncoding = 4; lastKnownFileType = sourcecode.c.h; path = IQKeyboardManagerConstants.h; sourceTree = "<group>"; };
		3D41D77E1E55903800123A71 /* IQKeyboardManagerConstantsInternal.h */ = {isa = PBXFileReference; fileEncoding = 4; lastKnownFileType = sourcecode.c.h; path = IQKeyboardManagerConstantsInternal.h; sourceTree = "<group>"; };
		3D41D77F1E55903800123A71 /* IQKeyboardManager.h */ = {isa = PBXFileReference; fileEncoding = 4; lastKnownFileType = sourcecode.c.h; path = IQKeyboardManager.h; sourceTree = "<group>"; };
		3D41D7801E55903800123A71 /* IQKeyboardManager.m */ = {isa = PBXFileReference; fileEncoding = 4; lastKnownFileType = sourcecode.c.objc; path = IQKeyboardManager.m; sourceTree = "<group>"; };
		3D41D7811E55903800123A71 /* IQKeyboardReturnKeyHandler.h */ = {isa = PBXFileReference; fileEncoding = 4; lastKnownFileType = sourcecode.c.h; path = IQKeyboardReturnKeyHandler.h; sourceTree = "<group>"; };
		3D41D7821E55903800123A71 /* IQKeyboardReturnKeyHandler.m */ = {isa = PBXFileReference; fileEncoding = 4; lastKnownFileType = sourcecode.c.objc; path = IQKeyboardReturnKeyHandler.m; sourceTree = "<group>"; };
		3D41D7841E55903800123A71 /* IQTextView.h */ = {isa = PBXFileReference; fileEncoding = 4; lastKnownFileType = sourcecode.c.h; path = IQTextView.h; sourceTree = "<group>"; };
		3D41D7851E55903800123A71 /* IQTextView.m */ = {isa = PBXFileReference; fileEncoding = 4; lastKnownFileType = sourcecode.c.objc; path = IQTextView.m; sourceTree = "<group>"; };
		3D41D7871E55903800123A71 /* IQBarButtonItem.h */ = {isa = PBXFileReference; fileEncoding = 4; lastKnownFileType = sourcecode.c.h; path = IQBarButtonItem.h; sourceTree = "<group>"; };
		3D41D7881E55903800123A71 /* IQBarButtonItem.m */ = {isa = PBXFileReference; fileEncoding = 4; lastKnownFileType = sourcecode.c.objc; path = IQBarButtonItem.m; sourceTree = "<group>"; };
		3D41D7891E55903800123A71 /* IQPreviousNextView.h */ = {isa = PBXFileReference; fileEncoding = 4; lastKnownFileType = sourcecode.c.h; path = IQPreviousNextView.h; sourceTree = "<group>"; };
		3D41D78A1E55903800123A71 /* IQPreviousNextView.m */ = {isa = PBXFileReference; fileEncoding = 4; lastKnownFileType = sourcecode.c.objc; path = IQPreviousNextView.m; sourceTree = "<group>"; };
		3D41D78B1E55903800123A71 /* IQTitleBarButtonItem.h */ = {isa = PBXFileReference; fileEncoding = 4; lastKnownFileType = sourcecode.c.h; path = IQTitleBarButtonItem.h; sourceTree = "<group>"; };
		3D41D78C1E55903800123A71 /* IQTitleBarButtonItem.m */ = {isa = PBXFileReference; fileEncoding = 4; lastKnownFileType = sourcecode.c.objc; path = IQTitleBarButtonItem.m; sourceTree = "<group>"; };
		3D41D78D1E55903800123A71 /* IQToolbar.h */ = {isa = PBXFileReference; fileEncoding = 4; lastKnownFileType = sourcecode.c.h; path = IQToolbar.h; sourceTree = "<group>"; };
		3D41D78E1E55903800123A71 /* IQToolbar.m */ = {isa = PBXFileReference; fileEncoding = 4; lastKnownFileType = sourcecode.c.objc; path = IQToolbar.m; sourceTree = "<group>"; };
		3D41D78F1E55903800123A71 /* IQUIView+IQKeyboardToolbar.h */ = {isa = PBXFileReference; fileEncoding = 4; lastKnownFileType = sourcecode.c.h; path = "IQUIView+IQKeyboardToolbar.h"; sourceTree = "<group>"; };
		3D41D7901E55903800123A71 /* IQUIView+IQKeyboardToolbar.m */ = {isa = PBXFileReference; fileEncoding = 4; lastKnownFileType = sourcecode.c.objc; path = "IQUIView+IQKeyboardToolbar.m"; sourceTree = "<group>"; };
		3D41D7921E55903800123A71 /* IQKeyboardManager.bundle */ = {isa = PBXFileReference; lastKnownFileType = "wrapper.plug-in"; path = IQKeyboardManager.bundle; sourceTree = "<group>"; };
		3D41D7A41E56E33A00123A71 /* AFHTTPSessionManager.h */ = {isa = PBXFileReference; fileEncoding = 4; lastKnownFileType = sourcecode.c.h; path = AFHTTPSessionManager.h; sourceTree = "<group>"; };
		3D41D7A51E56E33A00123A71 /* AFHTTPSessionManager.m */ = {isa = PBXFileReference; fileEncoding = 4; lastKnownFileType = sourcecode.c.objc; path = AFHTTPSessionManager.m; sourceTree = "<group>"; };
		3D41D7A61E56E33A00123A71 /* AFNetworking.h */ = {isa = PBXFileReference; fileEncoding = 4; lastKnownFileType = sourcecode.c.h; path = AFNetworking.h; sourceTree = "<group>"; };
		3D41D7A71E56E33A00123A71 /* AFNetworkReachabilityManager.h */ = {isa = PBXFileReference; fileEncoding = 4; lastKnownFileType = sourcecode.c.h; path = AFNetworkReachabilityManager.h; sourceTree = "<group>"; };
		3D41D7A81E56E33A00123A71 /* AFNetworkReachabilityManager.m */ = {isa = PBXFileReference; fileEncoding = 4; lastKnownFileType = sourcecode.c.objc; path = AFNetworkReachabilityManager.m; sourceTree = "<group>"; };
		3D41D7A91E56E33A00123A71 /* AFSecurityPolicy.h */ = {isa = PBXFileReference; fileEncoding = 4; lastKnownFileType = sourcecode.c.h; path = AFSecurityPolicy.h; sourceTree = "<group>"; };
		3D41D7AA1E56E33A00123A71 /* AFSecurityPolicy.m */ = {isa = PBXFileReference; fileEncoding = 4; lastKnownFileType = sourcecode.c.objc; path = AFSecurityPolicy.m; sourceTree = "<group>"; };
		3D41D7AB1E56E33A00123A71 /* AFURLRequestSerialization.h */ = {isa = PBXFileReference; fileEncoding = 4; lastKnownFileType = sourcecode.c.h; path = AFURLRequestSerialization.h; sourceTree = "<group>"; };
		3D41D7AC1E56E33A00123A71 /* AFURLRequestSerialization.m */ = {isa = PBXFileReference; fileEncoding = 4; lastKnownFileType = sourcecode.c.objc; path = AFURLRequestSerialization.m; sourceTree = "<group>"; };
		3D41D7AD1E56E33A00123A71 /* AFURLResponseSerialization.h */ = {isa = PBXFileReference; fileEncoding = 4; lastKnownFileType = sourcecode.c.h; path = AFURLResponseSerialization.h; sourceTree = "<group>"; };
		3D41D7AE1E56E33A00123A71 /* AFURLResponseSerialization.m */ = {isa = PBXFileReference; fileEncoding = 4; lastKnownFileType = sourcecode.c.objc; path = AFURLResponseSerialization.m; sourceTree = "<group>"; };
		3D41D7AF1E56E33A00123A71 /* AFURLSessionManager.h */ = {isa = PBXFileReference; fileEncoding = 4; lastKnownFileType = sourcecode.c.h; path = AFURLSessionManager.h; sourceTree = "<group>"; };
		3D41D7B01E56E33A00123A71 /* AFURLSessionManager.m */ = {isa = PBXFileReference; fileEncoding = 4; lastKnownFileType = sourcecode.c.objc; path = AFURLSessionManager.m; sourceTree = "<group>"; };
		3D41D7B11E56E33A00123A71 /* AFNetworking.h */ = {isa = PBXFileReference; fileEncoding = 4; lastKnownFileType = sourcecode.c.h; path = AFNetworking.h; sourceTree = "<group>"; };
		3D41D7B31E56E33A00123A71 /* AFAutoPurgingImageCache.h */ = {isa = PBXFileReference; fileEncoding = 4; lastKnownFileType = sourcecode.c.h; path = AFAutoPurgingImageCache.h; sourceTree = "<group>"; };
		3D41D7B41E56E33A00123A71 /* AFAutoPurgingImageCache.m */ = {isa = PBXFileReference; fileEncoding = 4; lastKnownFileType = sourcecode.c.objc; path = AFAutoPurgingImageCache.m; sourceTree = "<group>"; };
		3D41D7B51E56E33A00123A71 /* AFImageDownloader.h */ = {isa = PBXFileReference; fileEncoding = 4; lastKnownFileType = sourcecode.c.h; path = AFImageDownloader.h; sourceTree = "<group>"; };
		3D41D7B61E56E33A00123A71 /* AFImageDownloader.m */ = {isa = PBXFileReference; fileEncoding = 4; lastKnownFileType = sourcecode.c.objc; path = AFImageDownloader.m; sourceTree = "<group>"; };
		3D41D7B71E56E33A00123A71 /* AFNetworkActivityIndicatorManager.h */ = {isa = PBXFileReference; fileEncoding = 4; lastKnownFileType = sourcecode.c.h; path = AFNetworkActivityIndicatorManager.h; sourceTree = "<group>"; };
		3D41D7B81E56E33A00123A71 /* AFNetworkActivityIndicatorManager.m */ = {isa = PBXFileReference; fileEncoding = 4; lastKnownFileType = sourcecode.c.objc; path = AFNetworkActivityIndicatorManager.m; sourceTree = "<group>"; };
		3D41D7B91E56E33A00123A71 /* UIActivityIndicatorView+AFNetworking.h */ = {isa = PBXFileReference; fileEncoding = 4; lastKnownFileType = sourcecode.c.h; path = "UIActivityIndicatorView+AFNetworking.h"; sourceTree = "<group>"; };
		3D41D7BA1E56E33A00123A71 /* UIActivityIndicatorView+AFNetworking.m */ = {isa = PBXFileReference; fileEncoding = 4; lastKnownFileType = sourcecode.c.objc; path = "UIActivityIndicatorView+AFNetworking.m"; sourceTree = "<group>"; };
		3D41D7BB1E56E33A00123A71 /* UIButton+AFNetworking.h */ = {isa = PBXFileReference; fileEncoding = 4; lastKnownFileType = sourcecode.c.h; path = "UIButton+AFNetworking.h"; sourceTree = "<group>"; };
		3D41D7BC1E56E33A00123A71 /* UIButton+AFNetworking.m */ = {isa = PBXFileReference; fileEncoding = 4; lastKnownFileType = sourcecode.c.objc; path = "UIButton+AFNetworking.m"; sourceTree = "<group>"; };
		3D41D7BD1E56E33A00123A71 /* UIImage+AFNetworking.h */ = {isa = PBXFileReference; fileEncoding = 4; lastKnownFileType = sourcecode.c.h; path = "UIImage+AFNetworking.h"; sourceTree = "<group>"; };
		3D41D7BE1E56E33A00123A71 /* UIImageView+AFNetworking.h */ = {isa = PBXFileReference; fileEncoding = 4; lastKnownFileType = sourcecode.c.h; path = "UIImageView+AFNetworking.h"; sourceTree = "<group>"; };
		3D41D7BF1E56E33A00123A71 /* UIImageView+AFNetworking.m */ = {isa = PBXFileReference; fileEncoding = 4; lastKnownFileType = sourcecode.c.objc; path = "UIImageView+AFNetworking.m"; sourceTree = "<group>"; };
		3D41D7C01E56E33A00123A71 /* UIKit+AFNetworking.h */ = {isa = PBXFileReference; fileEncoding = 4; lastKnownFileType = sourcecode.c.h; path = "UIKit+AFNetworking.h"; sourceTree = "<group>"; };
		3D41D7C11E56E33A00123A71 /* UIProgressView+AFNetworking.h */ = {isa = PBXFileReference; fileEncoding = 4; lastKnownFileType = sourcecode.c.h; path = "UIProgressView+AFNetworking.h"; sourceTree = "<group>"; };
		3D41D7C21E56E33A00123A71 /* UIProgressView+AFNetworking.m */ = {isa = PBXFileReference; fileEncoding = 4; lastKnownFileType = sourcecode.c.objc; path = "UIProgressView+AFNetworking.m"; sourceTree = "<group>"; };
		3D41D7C31E56E33A00123A71 /* UIRefreshControl+AFNetworking.h */ = {isa = PBXFileReference; fileEncoding = 4; lastKnownFileType = sourcecode.c.h; path = "UIRefreshControl+AFNetworking.h"; sourceTree = "<group>"; };
		3D41D7C41E56E33A00123A71 /* UIRefreshControl+AFNetworking.m */ = {isa = PBXFileReference; fileEncoding = 4; lastKnownFileType = sourcecode.c.objc; path = "UIRefreshControl+AFNetworking.m"; sourceTree = "<group>"; };
		3D41D7C51E56E33A00123A71 /* UIWebView+AFNetworking.h */ = {isa = PBXFileReference; fileEncoding = 4; lastKnownFileType = sourcecode.c.h; path = "UIWebView+AFNetworking.h"; sourceTree = "<group>"; };
		3D41D7C61E56E33A00123A71 /* UIWebView+AFNetworking.m */ = {isa = PBXFileReference; fileEncoding = 4; lastKnownFileType = sourcecode.c.objc; path = "UIWebView+AFNetworking.m"; sourceTree = "<group>"; };
		3D6BF9021E6E9F8D00EA3ADB /* iCarousel.h */ = {isa = PBXFileReference; fileEncoding = 4; lastKnownFileType = sourcecode.c.h; path = iCarousel.h; sourceTree = "<group>"; };
		3D6BF9031E6E9F8D00EA3ADB /* iCarousel.m */ = {isa = PBXFileReference; fileEncoding = 4; lastKnownFileType = sourcecode.c.objc; path = iCarousel.m; sourceTree = "<group>"; };
		3D6BF9041E6E9F8D00EA3ADB /* Info.plist */ = {isa = PBXFileReference; fileEncoding = 4; lastKnownFileType = text.plist.xml; path = Info.plist; sourceTree = "<group>"; };
		3D6BF9071E6EA44400EA3ADB /* background.png */ = {isa = PBXFileReference; lastKnownFileType = image.png; path = background.png; sourceTree = "<group>"; };
		3D6BF9081E6EA44400EA3ADB /* page.png */ = {isa = PBXFileReference; lastKnownFileType = image.png; path = page.png; sourceTree = "<group>"; };
		3DFD45B21E5EDEFF00069D7D /* OrderProductTableViewCell.h */ = {isa = PBXFileReference; fileEncoding = 4; lastKnownFileType = sourcecode.c.h; path = OrderProductTableViewCell.h; sourceTree = "<group>"; };
		3DFD45B31E5EDEFF00069D7D /* OrderProductTableViewCell.m */ = {isa = PBXFileReference; fileEncoding = 4; lastKnownFileType = sourcecode.c.objc; path = OrderProductTableViewCell.m; sourceTree = "<group>"; };
		3DFD45B51E5EE4AC00069D7D /* ProductManager.h */ = {isa = PBXFileReference; fileEncoding = 4; lastKnownFileType = sourcecode.c.h; path = ProductManager.h; sourceTree = "<group>"; };
		3DFD45B61E5EE4AC00069D7D /* ProductManager.m */ = {isa = PBXFileReference; fileEncoding = 4; lastKnownFileType = sourcecode.c.objc; path = ProductManager.m; sourceTree = "<group>"; };
		3DFD45B81E5EE62F00069D7D /* ShopManager.h */ = {isa = PBXFileReference; fileEncoding = 4; lastKnownFileType = sourcecode.c.h; path = ShopManager.h; sourceTree = "<group>"; };
		3DFD45B91E5EE62F00069D7D /* ShopManager.m */ = {isa = PBXFileReference; fileEncoding = 4; lastKnownFileType = sourcecode.c.objc; path = ShopManager.m; sourceTree = "<group>"; };
		3DFD45BB1E5EE69C00069D7D /* SupplyManager.h */ = {isa = PBXFileReference; fileEncoding = 4; lastKnownFileType = sourcecode.c.h; path = SupplyManager.h; sourceTree = "<group>"; };
		3DFD45BC1E5EE69C00069D7D /* SupplyManager.m */ = {isa = PBXFileReference; fileEncoding = 4; lastKnownFileType = sourcecode.c.objc; path = SupplyManager.m; sourceTree = "<group>"; };
		3DFD45BE1E5EE8CD00069D7D /* OrderManager.h */ = {isa = PBXFileReference; fileEncoding = 4; lastKnownFileType = sourcecode.c.h; path = OrderManager.h; sourceTree = "<group>"; };
		3DFD45BF1E5EE8CD00069D7D /* OrderManager.m */ = {isa = PBXFileReference; fileEncoding = 4; lastKnownFileType = sourcecode.c.objc; path = OrderManager.m; sourceTree = "<group>"; };
		742F5FFD1E5F5DB200DB1498 /* BaseViewController.h */ = {isa = PBXFileReference; fileEncoding = 4; lastKnownFileType = sourcecode.c.h; path = BaseViewController.h; sourceTree = "<group>"; };
		742F5FFE1E5F5DB200DB1498 /* BaseViewController.m */ = {isa = PBXFileReference; fileEncoding = 4; lastKnownFileType = sourcecode.c.objc; path = BaseViewController.m; sourceTree = "<group>"; };
		743242161E614EA6006ABCA0 /* CallbackAlertView.h */ = {isa = PBXFileReference; fileEncoding = 4; lastKnownFileType = sourcecode.c.h; path = CallbackAlertView.h; sourceTree = "<group>"; };
		743242171E614EA6006ABCA0 /* CallbackAlertView.m */ = {isa = PBXFileReference; fileEncoding = 4; lastKnownFileType = sourcecode.c.objc; path = CallbackAlertView.m; sourceTree = "<group>"; };
		744424E91E6B089100F0ECA8 /* ShopProductTableViewCell.h */ = {isa = PBXFileReference; fileEncoding = 4; lastKnownFileType = sourcecode.c.h; path = ShopProductTableViewCell.h; sourceTree = "<group>"; };
		744424EA1E6B089100F0ECA8 /* ShopProductTableViewCell.m */ = {isa = PBXFileReference; fileEncoding = 4; lastKnownFileType = sourcecode.c.objc; path = ShopProductTableViewCell.m; sourceTree = "<group>"; };
		744424EC1E6B1BE900F0ECA8 /* ShopOrderViewController.h */ = {isa = PBXFileReference; fileEncoding = 4; lastKnownFileType = sourcecode.c.h; path = ShopOrderViewController.h; sourceTree = "<group>"; };
		744424ED1E6B1BE900F0ECA8 /* ShopOrderViewController.m */ = {isa = PBXFileReference; fileEncoding = 4; lastKnownFileType = sourcecode.c.objc; path = ShopOrderViewController.m; sourceTree = "<group>"; };
		7466EAE81E51E95E00A2C0F5 /* Market Manager.app */ = {isa = PBXFileReference; explicitFileType = wrapper.application; includeInIndex = 0; path = "Market Manager.app"; sourceTree = BUILT_PRODUCTS_DIR; };
		7466EAEC1E51E95E00A2C0F5 /* main.m */ = {isa = PBXFileReference; lastKnownFileType = sourcecode.c.objc; path = main.m; sourceTree = "<group>"; };
		7466EAEE1E51E95E00A2C0F5 /* AppDelegate.h */ = {isa = PBXFileReference; lastKnownFileType = sourcecode.c.h; path = AppDelegate.h; sourceTree = "<group>"; };
		7466EAEF1E51E95E00A2C0F5 /* AppDelegate.m */ = {isa = PBXFileReference; lastKnownFileType = sourcecode.c.objc; path = AppDelegate.m; sourceTree = "<group>"; };
		7466EAF71E51E95E00A2C0F5 /* Assets.xcassets */ = {isa = PBXFileReference; lastKnownFileType = folder.assetcatalog; path = Assets.xcassets; sourceTree = "<group>"; };
		7466EAFA1E51E95F00A2C0F5 /* Base */ = {isa = PBXFileReference; lastKnownFileType = file.storyboard; name = Base; path = Base.lproj/LaunchScreen.storyboard; sourceTree = "<group>"; };
		7466EAFC1E51E95F00A2C0F5 /* Info.plist */ = {isa = PBXFileReference; lastKnownFileType = text.plist.xml; path = Info.plist; sourceTree = "<group>"; };
		7466EB021E51F5DB00A2C0F5 /* MarketManager.storyboard */ = {isa = PBXFileReference; fileEncoding = 4; lastKnownFileType = file.storyboard; path = MarketManager.storyboard; sourceTree = "<group>"; };
		7466EB0A1E51F8C900A2C0F5 /* MenuViewController.h */ = {isa = PBXFileReference; fileEncoding = 4; lastKnownFileType = sourcecode.c.h; path = MenuViewController.h; sourceTree = "<group>"; };
		7466EB0B1E51F8C900A2C0F5 /* MenuViewController.m */ = {isa = PBXFileReference; fileEncoding = 4; lastKnownFileType = sourcecode.c.objc; path = MenuViewController.m; sourceTree = "<group>"; };
		7466EB0C1E51F8C900A2C0F5 /* MenuCell.h */ = {isa = PBXFileReference; fileEncoding = 4; lastKnownFileType = sourcecode.c.h; path = MenuCell.h; sourceTree = "<group>"; };
		7466EB0D1E51F8C900A2C0F5 /* MenuCell.m */ = {isa = PBXFileReference; fileEncoding = 4; lastKnownFileType = sourcecode.c.objc; path = MenuCell.m; sourceTree = "<group>"; };
		7466EB101E51F9A800A2C0F5 /* OrderViewController.h */ = {isa = PBXFileReference; fileEncoding = 4; lastKnownFileType = sourcecode.c.h; path = OrderViewController.h; sourceTree = "<group>"; };
		7466EB111E51F9A800A2C0F5 /* OrderViewController.m */ = {isa = PBXFileReference; fileEncoding = 4; lastKnownFileType = sourcecode.c.objc; path = OrderViewController.m; sourceTree = "<group>"; };
		7466EB131E51FA2400A2C0F5 /* PrefixHeader.pch */ = {isa = PBXFileReference; lastKnownFileType = sourcecode.c.h; path = PrefixHeader.pch; sourceTree = "<group>"; };
		7466EB141E51FA8500A2C0F5 /* config.h */ = {isa = PBXFileReference; fileEncoding = 4; lastKnownFileType = sourcecode.c.h; path = config.h; sourceTree = "<group>"; };
		7466EB151E51FA9E00A2C0F5 /* define.h */ = {isa = PBXFileReference; fileEncoding = 4; lastKnownFileType = sourcecode.c.h; path = define.h; sourceTree = "<group>"; };
		7466EB161E51FB1000A2C0F5 /* message.h */ = {isa = PBXFileReference; fileEncoding = 4; lastKnownFileType = sourcecode.c.h; path = message.h; sourceTree = "<group>"; };
		7466EB171E51FB1000A2C0F5 /* Utils.h */ = {isa = PBXFileReference; fileEncoding = 4; lastKnownFileType = sourcecode.c.h; path = Utils.h; sourceTree = "<group>"; };
		7466EB181E51FB1000A2C0F5 /* Utils.m */ = {isa = PBXFileReference; fileEncoding = 4; lastKnownFileType = sourcecode.c.objc; path = Utils.m; sourceTree = "<group>"; };
		748B20D11E6200C200571111 /* AddNewShopViewController.h */ = {isa = PBXFileReference; fileEncoding = 4; lastKnownFileType = sourcecode.c.h; path = AddNewShopViewController.h; sourceTree = "<group>"; };
		748B20D21E6200C200571111 /* AddNewShopViewController.m */ = {isa = PBXFileReference; fileEncoding = 4; lastKnownFileType = sourcecode.c.objc; path = AddNewShopViewController.m; sourceTree = "<group>"; };
		748B20D41E620D8700571111 /* AddNewSupplyViewController.h */ = {isa = PBXFileReference; fileEncoding = 4; lastKnownFileType = sourcecode.c.h; path = AddNewSupplyViewController.h; sourceTree = "<group>"; };
		748B20D51E620D8700571111 /* AddNewSupplyViewController.m */ = {isa = PBXFileReference; fileEncoding = 4; lastKnownFileType = sourcecode.c.objc; path = AddNewSupplyViewController.m; sourceTree = "<group>"; };
		748B3A821E62914800AA9AA6 /* AddNewUserViewController.h */ = {isa = PBXFileReference; fileEncoding = 4; lastKnownFileType = sourcecode.c.h; path = AddNewUserViewController.h; sourceTree = "<group>"; };
		748B3A831E62914800AA9AA6 /* AddNewUserViewController.m */ = {isa = PBXFileReference; fileEncoding = 4; lastKnownFileType = sourcecode.c.objc; path = AddNewUserViewController.m; sourceTree = "<group>"; };
		748B3A851E62944E00AA9AA6 /* UserManager.h */ = {isa = PBXFileReference; fileEncoding = 4; lastKnownFileType = sourcecode.c.h; path = UserManager.h; sourceTree = "<group>"; };
		748B3A861E62944E00AA9AA6 /* UserManager.m */ = {isa = PBXFileReference; fileEncoding = 4; lastKnownFileType = sourcecode.c.objc; path = UserManager.m; sourceTree = "<group>"; };
		748B3A881E62C36300AA9AA6 /* ValidateService.h */ = {isa = PBXFileReference; fileEncoding = 4; lastKnownFileType = sourcecode.c.h; path = ValidateService.h; sourceTree = "<group>"; };
		748B3A891E62C36300AA9AA6 /* ValidateService.m */ = {isa = PBXFileReference; fileEncoding = 4; lastKnownFileType = sourcecode.c.objc; path = ValidateService.m; sourceTree = "<group>"; };
		74E904431E57F54D005D391D /* ProductCell.h */ = {isa = PBXFileReference; fileEncoding = 4; lastKnownFileType = sourcecode.c.h; path = ProductCell.h; sourceTree = "<group>"; };
		74E904441E57F54D005D391D /* ProductCell.m */ = {isa = PBXFileReference; fileEncoding = 4; lastKnownFileType = sourcecode.c.objc; path = ProductCell.m; sourceTree = "<group>"; };
		74E904541E57F781005D391D /* Product.h */ = {isa = PBXFileReference; fileEncoding = 4; lastKnownFileType = sourcecode.c.h; path = Product.h; sourceTree = "<group>"; };
		74E904551E57F781005D391D /* Product.m */ = {isa = PBXFileReference; fileEncoding = 4; lastKnownFileType = sourcecode.c.objc; path = Product.m; sourceTree = "<group>"; };
		74E904571E58174A005D391D /* ProductPopOverViewController.h */ = {isa = PBXFileReference; fileEncoding = 4; lastKnownFileType = sourcecode.c.h; path = ProductPopOverViewController.h; sourceTree = "<group>"; };
		74E904581E58174A005D391D /* ProductPopOverViewController.m */ = {isa = PBXFileReference; fileEncoding = 4; lastKnownFileType = sourcecode.c.objc; path = ProductPopOverViewController.m; sourceTree = "<group>"; };
		74E9045A1E5822AD005D391D /* ProductDetailViewController.h */ = {isa = PBXFileReference; fileEncoding = 4; lastKnownFileType = sourcecode.c.h; path = ProductDetailViewController.h; sourceTree = "<group>"; };
		74E9045B1E5822AD005D391D /* ProductDetailViewController.m */ = {isa = PBXFileReference; fileEncoding = 4; lastKnownFileType = sourcecode.c.objc; path = ProductDetailViewController.m; sourceTree = "<group>"; };
		74E9045E1E585785005D391D /* ShopTableViewCell.h */ = {isa = PBXFileReference; fileEncoding = 4; lastKnownFileType = sourcecode.c.h; path = ShopTableViewCell.h; sourceTree = "<group>"; };
		74E9045F1E585785005D391D /* ShopTableViewCell.m */ = {isa = PBXFileReference; fileEncoding = 4; lastKnownFileType = sourcecode.c.objc; path = ShopTableViewCell.m; sourceTree = "<group>"; };
		74E904611E585834005D391D /* Shop.h */ = {isa = PBXFileReference; fileEncoding = 4; lastKnownFileType = sourcecode.c.h; path = Shop.h; sourceTree = "<group>"; };
		74E904621E585834005D391D /* Shop.m */ = {isa = PBXFileReference; fileEncoding = 4; lastKnownFileType = sourcecode.c.objc; path = Shop.m; sourceTree = "<group>"; };
		74E904671E585DE0005D391D /* ShopDetailViewController.h */ = {isa = PBXFileReference; fileEncoding = 4; lastKnownFileType = sourcecode.c.h; path = ShopDetailViewController.h; sourceTree = "<group>"; };
		74E904681E585DE0005D391D /* ShopDetailViewController.m */ = {isa = PBXFileReference; fileEncoding = 4; lastKnownFileType = sourcecode.c.objc; path = ShopDetailViewController.m; sourceTree = "<group>"; };
		74E9046B1E58616F005D391D /* SupplyTableViewCell.h */ = {isa = PBXFileReference; fileEncoding = 4; lastKnownFileType = sourcecode.c.h; path = SupplyTableViewCell.h; sourceTree = "<group>"; };
		74E9046C1E58616F005D391D /* SupplyTableViewCell.m */ = {isa = PBXFileReference; fileEncoding = 4; lastKnownFileType = sourcecode.c.objc; path = SupplyTableViewCell.m; sourceTree = "<group>"; };
		74E9046E1E586189005D391D /* Supply.h */ = {isa = PBXFileReference; fileEncoding = 4; lastKnownFileType = sourcecode.c.h; path = Supply.h; sourceTree = "<group>"; };
		74E9046F1E586189005D391D /* Supply.m */ = {isa = PBXFileReference; fileEncoding = 4; lastKnownFileType = sourcecode.c.objc; path = Supply.m; sourceTree = "<group>"; };
		74ED22251E59F7160079D3F0 /* SupplyDetailViewController.h */ = {isa = PBXFileReference; fileEncoding = 4; lastKnownFileType = sourcecode.c.h; path = SupplyDetailViewController.h; sourceTree = "<group>"; };
		74ED22261E59F7160079D3F0 /* SupplyDetailViewController.m */ = {isa = PBXFileReference; fileEncoding = 4; lastKnownFileType = sourcecode.c.objc; path = SupplyDetailViewController.m; sourceTree = "<group>"; };
		74ED22281E59FC660079D3F0 /* Order.h */ = {isa = PBXFileReference; fileEncoding = 4; lastKnownFileType = sourcecode.c.h; path = Order.h; sourceTree = "<group>"; };
		74ED22291E59FC660079D3F0 /* Order.m */ = {isa = PBXFileReference; fileEncoding = 4; lastKnownFileType = sourcecode.c.objc; path = Order.m; sourceTree = "<group>"; };
		74ED222C1E59FF1E0079D3F0 /* OrderTableViewCell.h */ = {isa = PBXFileReference; fileEncoding = 4; lastKnownFileType = sourcecode.c.h; path = OrderTableViewCell.h; sourceTree = "<group>"; };
		74ED222D1E59FF1E0079D3F0 /* OrderTableViewCell.m */ = {isa = PBXFileReference; fileEncoding = 4; lastKnownFileType = sourcecode.c.objc; path = OrderTableViewCell.m; sourceTree = "<group>"; };
		74ED222F1E59FF560079D3F0 /* OrderPopOverViewController.h */ = {isa = PBXFileReference; fileEncoding = 4; lastKnownFileType = sourcecode.c.h; path = OrderPopOverViewController.h; sourceTree = "<group>"; };
		74ED22301E59FF560079D3F0 /* OrderPopOverViewController.m */ = {isa = PBXFileReference; fileEncoding = 4; lastKnownFileType = sourcecode.c.objc; path = OrderPopOverViewController.m; sourceTree = "<group>"; };
		74ED22321E59FF6E0079D3F0 /* OrderDetailViewController.h */ = {isa = PBXFileReference; fileEncoding = 4; lastKnownFileType = sourcecode.c.h; path = OrderDetailViewController.h; sourceTree = "<group>"; };
		74ED22331E59FF6E0079D3F0 /* OrderDetailViewController.m */ = {isa = PBXFileReference; fileEncoding = 4; lastKnownFileType = sourcecode.c.objc; path = OrderDetailViewController.m; sourceTree = "<group>"; };
		74ED22351E5A05350079D3F0 /* User.h */ = {isa = PBXFileReference; fileEncoding = 4; lastKnownFileType = sourcecode.c.h; path = User.h; sourceTree = "<group>"; };
		74ED22361E5A05350079D3F0 /* User.m */ = {isa = PBXFileReference; fileEncoding = 4; lastKnownFileType = sourcecode.c.objc; path = User.m; sourceTree = "<group>"; };
		74ED22391E5A05A00079D3F0 /* UserTableViewCell.h */ = {isa = PBXFileReference; fileEncoding = 4; lastKnownFileType = sourcecode.c.h; path = UserTableViewCell.h; sourceTree = "<group>"; };
		74ED223A1E5A05A00079D3F0 /* UserTableViewCell.m */ = {isa = PBXFileReference; fileEncoding = 4; lastKnownFileType = sourcecode.c.objc; path = UserTableViewCell.m; sourceTree = "<group>"; };
		74ED223C1E5A05B40079D3F0 /* UserDetailViewController.h */ = {isa = PBXFileReference; fileEncoding = 4; lastKnownFileType = sourcecode.c.h; path = UserDetailViewController.h; sourceTree = "<group>"; };
		74ED223D1E5A05B40079D3F0 /* UserDetailViewController.m */ = {isa = PBXFileReference; fileEncoding = 4; lastKnownFileType = sourcecode.c.objc; path = UserDetailViewController.m; sourceTree = "<group>"; };
		BCB461481E545EB90090CBC3 /* ProductViewController.h */ = {isa = PBXFileReference; fileEncoding = 4; lastKnownFileType = sourcecode.c.h; path = ProductViewController.h; sourceTree = "<group>"; };
		BCB461491E545EB90090CBC3 /* ProductViewController.m */ = {isa = PBXFileReference; fileEncoding = 4; lastKnownFileType = sourcecode.c.objc; path = ProductViewController.m; sourceTree = "<group>"; };
		BCB4614B1E545EFA0090CBC3 /* SupplyViewController.h */ = {isa = PBXFileReference; fileEncoding = 4; lastKnownFileType = sourcecode.c.h; path = SupplyViewController.h; sourceTree = "<group>"; };
		BCB4614C1E545EFA0090CBC3 /* SupplyViewController.m */ = {isa = PBXFileReference; fileEncoding = 4; lastKnownFileType = sourcecode.c.objc; path = SupplyViewController.m; sourceTree = "<group>"; };
/* End PBXFileReference section */

/* Begin PBXFrameworksBuildPhase section */
		7466EAE51E51E95E00A2C0F5 /* Frameworks */ = {
			isa = PBXFrameworksBuildPhase;
			buildActionMask = 2147483647;
			files = (
			);
			runOnlyForDeploymentPostprocessing = 0;
		};
/* End PBXFrameworksBuildPhase section */

/* Begin PBXGroup section */
		3D0C188F1E5A8297008CA470 /* Service */ = {
			isa = PBXGroup;
			children = (
				743242161E614EA6006ABCA0 /* CallbackAlertView.h */,
				743242171E614EA6006ABCA0 /* CallbackAlertView.m */,
				3D0C18931E5AB0E2008CA470 /* DateTimePickerController.h */,
				3D0C18941E5AB0E2008CA470 /* DateTimePickerController.m */,
				3D0C18901E5A82C2008CA470 /* ActivityView.h */,
				3D0C18911E5A82C2008CA470 /* ActivityView.m */,
				748B3A881E62C36300AA9AA6 /* ValidateService.h */,
				748B3A891E62C36300AA9AA6 /* ValidateService.m */,
			);
			path = Service;
			sourceTree = "<group>";
		};
		3D41D76D1E55903800123A71 /* Libs */ = {
			isa = PBXGroup;
			children = (
				3D6BF9011E6E9F8D00EA3ADB /* iCarousel */,
				3D41D7A21E56E33A00123A71 /* AFNetworking */,
				3D41D76E1E55903800123A71 /* IQKeyboardManager */,
			);
			path = Libs;
			sourceTree = "<group>";
		};
		3D41D76E1E55903800123A71 /* IQKeyboardManager */ = {
			isa = PBXGroup;
			children = (
				3D41D76F1E55903800123A71 /* Categories */,
				3D41D77C1E55903800123A71 /* Constants */,
				3D41D77F1E55903800123A71 /* IQKeyboardManager.h */,
				3D41D7801E55903800123A71 /* IQKeyboardManager.m */,
				3D41D7811E55903800123A71 /* IQKeyboardReturnKeyHandler.h */,
				3D41D7821E55903800123A71 /* IQKeyboardReturnKeyHandler.m */,
				3D41D7831E55903800123A71 /* IQTextView */,
				3D41D7861E55903800123A71 /* IQToolbar */,
				3D41D7911E55903800123A71 /* Resources */,
			);
			path = IQKeyboardManager;
			sourceTree = "<group>";
		};
		3D41D76F1E55903800123A71 /* Categories */ = {
			isa = PBXGroup;
			children = (
				3D41D7701E55903800123A71 /* IQNSArray+Sort.h */,
				3D41D7711E55903800123A71 /* IQNSArray+Sort.m */,
				3D41D7721E55903800123A71 /* IQUIScrollView+Additions.h */,
				3D41D7731E55903800123A71 /* IQUIScrollView+Additions.m */,
				3D41D7741E55903800123A71 /* IQUITextFieldView+Additions.h */,
				3D41D7751E55903800123A71 /* IQUITextFieldView+Additions.m */,
				3D41D7761E55903800123A71 /* IQUIView+Hierarchy.h */,
				3D41D7771E55903800123A71 /* IQUIView+Hierarchy.m */,
				3D41D7781E55903800123A71 /* IQUIViewController+Additions.h */,
				3D41D7791E55903800123A71 /* IQUIViewController+Additions.m */,
				3D41D77A1E55903800123A71 /* IQUIWindow+Hierarchy.h */,
				3D41D77B1E55903800123A71 /* IQUIWindow+Hierarchy.m */,
			);
			path = Categories;
			sourceTree = "<group>";
		};
		3D41D77C1E55903800123A71 /* Constants */ = {
			isa = PBXGroup;
			children = (
				3D41D77D1E55903800123A71 /* IQKeyboardManagerConstants.h */,
				3D41D77E1E55903800123A71 /* IQKeyboardManagerConstantsInternal.h */,
			);
			path = Constants;
			sourceTree = "<group>";
		};
		3D41D7831E55903800123A71 /* IQTextView */ = {
			isa = PBXGroup;
			children = (
				3D41D7841E55903800123A71 /* IQTextView.h */,
				3D41D7851E55903800123A71 /* IQTextView.m */,
			);
			path = IQTextView;
			sourceTree = "<group>";
		};
		3D41D7861E55903800123A71 /* IQToolbar */ = {
			isa = PBXGroup;
			children = (
				3D41D7871E55903800123A71 /* IQBarButtonItem.h */,
				3D41D7881E55903800123A71 /* IQBarButtonItem.m */,
				3D41D7891E55903800123A71 /* IQPreviousNextView.h */,
				3D41D78A1E55903800123A71 /* IQPreviousNextView.m */,
				3D41D78B1E55903800123A71 /* IQTitleBarButtonItem.h */,
				3D41D78C1E55903800123A71 /* IQTitleBarButtonItem.m */,
				3D41D78D1E55903800123A71 /* IQToolbar.h */,
				3D41D78E1E55903800123A71 /* IQToolbar.m */,
				3D41D78F1E55903800123A71 /* IQUIView+IQKeyboardToolbar.h */,
				3D41D7901E55903800123A71 /* IQUIView+IQKeyboardToolbar.m */,
			);
			path = IQToolbar;
			sourceTree = "<group>";
		};
		3D41D7911E55903800123A71 /* Resources */ = {
			isa = PBXGroup;
			children = (
				3D41D7921E55903800123A71 /* IQKeyboardManager.bundle */,
			);
			path = Resources;
			sourceTree = "<group>";
		};
		3D41D7A21E56E33A00123A71 /* AFNetworking */ = {
			isa = PBXGroup;
			children = (
				3D41D7A31E56E33A00123A71 /* AFNetworking */,
				3D41D7B11E56E33A00123A71 /* AFNetworking.h */,
				3D41D7B21E56E33A00123A71 /* UIKit+AFNetworking */,
			);
			path = AFNetworking;
			sourceTree = "<group>";
		};
		3D41D7A31E56E33A00123A71 /* AFNetworking */ = {
			isa = PBXGroup;
			children = (
				3D41D7A41E56E33A00123A71 /* AFHTTPSessionManager.h */,
				3D41D7A51E56E33A00123A71 /* AFHTTPSessionManager.m */,
				3D41D7A61E56E33A00123A71 /* AFNetworking.h */,
				3D41D7A71E56E33A00123A71 /* AFNetworkReachabilityManager.h */,
				3D41D7A81E56E33A00123A71 /* AFNetworkReachabilityManager.m */,
				3D41D7A91E56E33A00123A71 /* AFSecurityPolicy.h */,
				3D41D7AA1E56E33A00123A71 /* AFSecurityPolicy.m */,
				3D41D7AB1E56E33A00123A71 /* AFURLRequestSerialization.h */,
				3D41D7AC1E56E33A00123A71 /* AFURLRequestSerialization.m */,
				3D41D7AD1E56E33A00123A71 /* AFURLResponseSerialization.h */,
				3D41D7AE1E56E33A00123A71 /* AFURLResponseSerialization.m */,
				3D41D7AF1E56E33A00123A71 /* AFURLSessionManager.h */,
				3D41D7B01E56E33A00123A71 /* AFURLSessionManager.m */,
			);
			path = AFNetworking;
			sourceTree = "<group>";
		};
		3D41D7B21E56E33A00123A71 /* UIKit+AFNetworking */ = {
			isa = PBXGroup;
			children = (
				3D41D7B31E56E33A00123A71 /* AFAutoPurgingImageCache.h */,
				3D41D7B41E56E33A00123A71 /* AFAutoPurgingImageCache.m */,
				3D41D7B51E56E33A00123A71 /* AFImageDownloader.h */,
				3D41D7B61E56E33A00123A71 /* AFImageDownloader.m */,
				3D41D7B71E56E33A00123A71 /* AFNetworkActivityIndicatorManager.h */,
				3D41D7B81E56E33A00123A71 /* AFNetworkActivityIndicatorManager.m */,
				3D41D7B91E56E33A00123A71 /* UIActivityIndicatorView+AFNetworking.h */,
				3D41D7BA1E56E33A00123A71 /* UIActivityIndicatorView+AFNetworking.m */,
				3D41D7BB1E56E33A00123A71 /* UIButton+AFNetworking.h */,
				3D41D7BC1E56E33A00123A71 /* UIButton+AFNetworking.m */,
				3D41D7BD1E56E33A00123A71 /* UIImage+AFNetworking.h */,
				3D41D7BE1E56E33A00123A71 /* UIImageView+AFNetworking.h */,
				3D41D7BF1E56E33A00123A71 /* UIImageView+AFNetworking.m */,
				3D41D7C01E56E33A00123A71 /* UIKit+AFNetworking.h */,
				3D41D7C11E56E33A00123A71 /* UIProgressView+AFNetworking.h */,
				3D41D7C21E56E33A00123A71 /* UIProgressView+AFNetworking.m */,
				3D41D7C31E56E33A00123A71 /* UIRefreshControl+AFNetworking.h */,
				3D41D7C41E56E33A00123A71 /* UIRefreshControl+AFNetworking.m */,
				3D41D7C51E56E33A00123A71 /* UIWebView+AFNetworking.h */,
				3D41D7C61E56E33A00123A71 /* UIWebView+AFNetworking.m */,
			);
			path = "UIKit+AFNetworking";
			sourceTree = "<group>";
		};
		3D6BF9011E6E9F8D00EA3ADB /* iCarousel */ = {
			isa = PBXGroup;
			children = (
				3D6BF9021E6E9F8D00EA3ADB /* iCarousel.h */,
				3D6BF9031E6E9F8D00EA3ADB /* iCarousel.m */,
				3D6BF9041E6E9F8D00EA3ADB /* Info.plist */,
			);
			path = iCarousel;
			sourceTree = "<group>";
		};
		7466EADF1E51E95E00A2C0F5 = {
			isa = PBXGroup;
			children = (
				7466EAEA1E51E95E00A2C0F5 /* Market Manager */,
				7466EAE91E51E95E00A2C0F5 /* Products */,
			);
			sourceTree = "<group>";
		};
		7466EAE91E51E95E00A2C0F5 /* Products */ = {
			isa = PBXGroup;
			children = (
				7466EAE81E51E95E00A2C0F5 /* Market Manager.app */,
			);
			name = Products;
			sourceTree = "<group>";
		};
		7466EAEA1E51E95E00A2C0F5 /* Market Manager */ = {
			isa = PBXGroup;
			children = (
				7466EB041E51F89D00A2C0F5 /* Class */,
				7466EAEE1E51E95E00A2C0F5 /* AppDelegate.h */,
				7466EAEF1E51E95E00A2C0F5 /* AppDelegate.m */,
				7466EB131E51FA2400A2C0F5 /* PrefixHeader.pch */,
				3D6BF9071E6EA44400EA3ADB /* background.png */,
				3D6BF9081E6EA44400EA3ADB /* page.png */,
				7466EB021E51F5DB00A2C0F5 /* MarketManager.storyboard */,
				7466EAF71E51E95E00A2C0F5 /* Assets.xcassets */,
				7466EAF91E51E95F00A2C0F5 /* LaunchScreen.storyboard */,
				7466EAFC1E51E95F00A2C0F5 /* Info.plist */,
				7466EAEB1E51E95E00A2C0F5 /* Supporting Files */,
			);
			path = "Market Manager";
			sourceTree = "<group>";
		};
		7466EAEB1E51E95E00A2C0F5 /* Supporting Files */ = {
			isa = PBXGroup;
			children = (
				7466EAEC1E51E95E00A2C0F5 /* main.m */,
			);
			name = "Supporting Files";
			sourceTree = "<group>";
		};
		7466EB041E51F89D00A2C0F5 /* Class */ = {
			isa = PBXGroup;
			children = (
				3D0C188F1E5A8297008CA470 /* Service */,
				74E904531E57F781005D391D /* Models */,
				3D41D76D1E55903800123A71 /* Libs */,
				7466EB051E51F89D00A2C0F5 /* Controllers */,
				7466EB091E51F89D00A2C0F5 /* Utils */,
			);
			path = Class;
			sourceTree = "<group>";
		};
		7466EB051E51F89D00A2C0F5 /* Controllers */ = {
			isa = PBXGroup;
			children = (
				742F5FFD1E5F5DB200DB1498 /* BaseViewController.h */,
				742F5FFE1E5F5DB200DB1498 /* BaseViewController.m */,
				3D41D76A1E558C9100123A71 /* LoginViewController.h */,
				3D41D76B1E558C9100123A71 /* LoginViewController.m */,
				3D2F4B021E6FB2A600030536 /* RecommendListViewController.h */,
				3D2F4B031E6FB2A600030536 /* RecommendListViewController.m */,
				74E9044A1E57F701005D391D /* Menu */,
				74ED222B1E59FC850079D3F0 /* Order */,
				74E904421E57F513005D391D /* Product */,
				74E9046A1E586153005D391D /* Supply */,
				74E9045D1E585755005D391D /* Shop */,
				74ED22381E5A05810079D3F0 /* User */,
			);
			path = Controllers;
			sourceTree = "<group>";
		};
		7466EB091E51F89D00A2C0F5 /* Utils */ = {
			isa = PBXGroup;
			children = (
				7466EB141E51FA8500A2C0F5 /* config.h */,
				7466EB151E51FA9E00A2C0F5 /* define.h */,
				7466EB161E51FB1000A2C0F5 /* message.h */,
				7466EB171E51FB1000A2C0F5 /* Utils.h */,
				7466EB181E51FB1000A2C0F5 /* Utils.m */,
			);
			path = Utils;
			sourceTree = "<group>";
		};
		74E904421E57F513005D391D /* Product */ = {
			isa = PBXGroup;
			children = (
				BCB461481E545EB90090CBC3 /* ProductViewController.h */,
				BCB461491E545EB90090CBC3 /* ProductViewController.m */,
				74E904431E57F54D005D391D /* ProductCell.h */,
				74E904441E57F54D005D391D /* ProductCell.m */,
				74E904571E58174A005D391D /* ProductPopOverViewController.h */,
				74E904581E58174A005D391D /* ProductPopOverViewController.m */,
				74E9045A1E5822AD005D391D /* ProductDetailViewController.h */,
				74E9045B1E5822AD005D391D /* ProductDetailViewController.m */,
			);
			name = Product;
			sourceTree = "<group>";
		};
		74E9044A1E57F701005D391D /* Menu */ = {
			isa = PBXGroup;
			children = (
				7466EB0A1E51F8C900A2C0F5 /* MenuViewController.h */,
				7466EB0B1E51F8C900A2C0F5 /* MenuViewController.m */,
				7466EB0C1E51F8C900A2C0F5 /* MenuCell.h */,
				7466EB0D1E51F8C900A2C0F5 /* MenuCell.m */,
			);
			name = Menu;
			sourceTree = "<group>";
		};
		74E904531E57F781005D391D /* Models */ = {
			isa = PBXGroup;
			children = (
				74E904541E57F781005D391D /* Product.h */,
				74E904551E57F781005D391D /* Product.m */,
				3DFD45B51E5EE4AC00069D7D /* ProductManager.h */,
				3DFD45B61E5EE4AC00069D7D /* ProductManager.m */,
				74E904611E585834005D391D /* Shop.h */,
				74E904621E585834005D391D /* Shop.m */,
				3DFD45B81E5EE62F00069D7D /* ShopManager.h */,
				3DFD45B91E5EE62F00069D7D /* ShopManager.m */,
				74E9046E1E586189005D391D /* Supply.h */,
				74E9046F1E586189005D391D /* Supply.m */,
				3DFD45BB1E5EE69C00069D7D /* SupplyManager.h */,
				3DFD45BC1E5EE69C00069D7D /* SupplyManager.m */,
				74ED22281E59FC660079D3F0 /* Order.h */,
				74ED22291E59FC660079D3F0 /* Order.m */,
				3DFD45BE1E5EE8CD00069D7D /* OrderManager.h */,
				3DFD45BF1E5EE8CD00069D7D /* OrderManager.m */,
				74ED22351E5A05350079D3F0 /* User.h */,
				74ED22361E5A05350079D3F0 /* User.m */,
				748B3A851E62944E00AA9AA6 /* UserManager.h */,
				748B3A861E62944E00AA9AA6 /* UserManager.m */,
			);
			path = Models;
			sourceTree = "<group>";
		};
		74E9045D1E585755005D391D /* Shop */ = {
			isa = PBXGroup;
			children = (
				3D41D7641E5583C400123A71 /* ShopViewController.h */,
				3D41D7651E5583C400123A71 /* ShopViewController.m */,
				74E9045E1E585785005D391D /* ShopTableViewCell.h */,
				74E9045F1E585785005D391D /* ShopTableViewCell.m */,
				74E904671E585DE0005D391D /* ShopDetailViewController.h */,
				74E904681E585DE0005D391D /* ShopDetailViewController.m */,
				744424E91E6B089100F0ECA8 /* ShopProductTableViewCell.h */,
				744424EA1E6B089100F0ECA8 /* ShopProductTableViewCell.m */,
				748B20D11E6200C200571111 /* AddNewShopViewController.h */,
				748B20D21E6200C200571111 /* AddNewShopViewController.m */,
			);
			name = Shop;
			sourceTree = "<group>";
		};
		74E9046A1E586153005D391D /* Supply */ = {
			isa = PBXGroup;
			children = (
				BCB4614B1E545EFA0090CBC3 /* SupplyViewController.h */,
				BCB4614C1E545EFA0090CBC3 /* SupplyViewController.m */,
				74E9046B1E58616F005D391D /* SupplyTableViewCell.h */,
				74E9046C1E58616F005D391D /* SupplyTableViewCell.m */,
				74ED22251E59F7160079D3F0 /* SupplyDetailViewController.h */,
				74ED22261E59F7160079D3F0 /* SupplyDetailViewController.m */,
				748B20D41E620D8700571111 /* AddNewSupplyViewController.h */,
				748B20D51E620D8700571111 /* AddNewSupplyViewController.m */,
			);
			name = Supply;
			sourceTree = "<group>";
		};
		74ED222B1E59FC850079D3F0 /* Order */ = {
			isa = PBXGroup;
			children = (
				7466EB101E51F9A800A2C0F5 /* OrderViewController.h */,
				7466EB111E51F9A800A2C0F5 /* OrderViewController.m */,
				74ED222C1E59FF1E0079D3F0 /* OrderTableViewCell.h */,
				74ED222D1E59FF1E0079D3F0 /* OrderTableViewCell.m */,
				74ED222F1E59FF560079D3F0 /* OrderPopOverViewController.h */,
				74ED22301E59FF560079D3F0 /* OrderPopOverViewController.m */,
				74ED22321E59FF6E0079D3F0 /* OrderDetailViewController.h */,
				74ED22331E59FF6E0079D3F0 /* OrderDetailViewController.m */,
				3DFD45B21E5EDEFF00069D7D /* OrderProductTableViewCell.h */,
				3DFD45B31E5EDEFF00069D7D /* OrderProductTableViewCell.m */,
				744424EC1E6B1BE900F0ECA8 /* ShopOrderViewController.h */,
				744424ED1E6B1BE900F0ECA8 /* ShopOrderViewController.m */,
			);
			name = Order;
			sourceTree = "<group>";
		};
		74ED22381E5A05810079D3F0 /* User */ = {
			isa = PBXGroup;
			children = (
				3D41D7671E5583D700123A71 /* UserViewController.h */,
				3D41D7681E5583D700123A71 /* UserViewController.m */,
				74ED22391E5A05A00079D3F0 /* UserTableViewCell.h */,
				74ED223A1E5A05A00079D3F0 /* UserTableViewCell.m */,
				74ED223C1E5A05B40079D3F0 /* UserDetailViewController.h */,
				74ED223D1E5A05B40079D3F0 /* UserDetailViewController.m */,
				748B3A821E62914800AA9AA6 /* AddNewUserViewController.h */,
				748B3A831E62914800AA9AA6 /* AddNewUserViewController.m */,
			);
			name = User;
			sourceTree = "<group>";
		};
/* End PBXGroup section */

/* Begin PBXNativeTarget section */
		7466EAE71E51E95E00A2C0F5 /* Market Manager */ = {
			isa = PBXNativeTarget;
			buildConfigurationList = 7466EAFF1E51E95F00A2C0F5 /* Build configuration list for PBXNativeTarget "Market Manager" */;
			buildPhases = (
				7466EAE41E51E95E00A2C0F5 /* Sources */,
				7466EAE51E51E95E00A2C0F5 /* Frameworks */,
				7466EAE61E51E95E00A2C0F5 /* Resources */,
			);
			buildRules = (
			);
			dependencies = (
			);
			name = "Market Manager";
			productName = "Market Manager";
			productReference = 7466EAE81E51E95E00A2C0F5 /* Market Manager.app */;
			productType = "com.apple.product-type.application";
		};
/* End PBXNativeTarget section */

/* Begin PBXProject section */
		7466EAE01E51E95E00A2C0F5 /* Project object */ = {
			isa = PBXProject;
			attributes = {
				LastUpgradeCheck = 0810;
				ORGANIZATIONNAME = "Market Manager";
				TargetAttributes = {
					7466EAE71E51E95E00A2C0F5 = {
						CreatedOnToolsVersion = 8.1;
						DevelopmentTeam = 966G4393N4;
						ProvisioningStyle = Manual;
					};
				};
			};
			buildConfigurationList = 7466EAE31E51E95E00A2C0F5 /* Build configuration list for PBXProject "Market Manager" */;
			compatibilityVersion = "Xcode 3.2";
			developmentRegion = English;
			hasScannedForEncodings = 0;
			knownRegions = (
				en,
				Base,
			);
			mainGroup = 7466EADF1E51E95E00A2C0F5;
			productRefGroup = 7466EAE91E51E95E00A2C0F5 /* Products */;
			projectDirPath = "";
			projectRoot = "";
			targets = (
				7466EAE71E51E95E00A2C0F5 /* Market Manager */,
			);
		};
/* End PBXProject section */

/* Begin PBXResourcesBuildPhase section */
		7466EAE61E51E95E00A2C0F5 /* Resources */ = {
			isa = PBXResourcesBuildPhase;
			buildActionMask = 2147483647;
			files = (
				7466EAFB1E51E95F00A2C0F5 /* LaunchScreen.storyboard in Resources */,
				3D6BF9091E6EA44400EA3ADB /* background.png in Resources */,
				7466EAF81E51E95E00A2C0F5 /* Assets.xcassets in Resources */,
				3D41D7A11E55903800123A71 /* IQKeyboardManager.bundle in Resources */,
				3D6BF90A1E6EA44400EA3ADB /* page.png in Resources */,
				3D6BF9061E6E9F8D00EA3ADB /* Info.plist in Resources */,
				7466EB031E51F5DB00A2C0F5 /* MarketManager.storyboard in Resources */,
			);
			runOnlyForDeploymentPostprocessing = 0;
		};
/* End PBXResourcesBuildPhase section */

/* Begin PBXSourcesBuildPhase section */
		7466EAE41E51E95E00A2C0F5 /* Sources */ = {
			isa = PBXSourcesBuildPhase;
			buildActionMask = 2147483647;
			files = (
				748B20D61E620D8700571111 /* AddNewSupplyViewController.m in Sources */,
				3D41D7D31E56E33A00123A71 /* UIProgressView+AFNetworking.m in Sources */,
				748B20D31E6200C200571111 /* AddNewShopViewController.m in Sources */,
				3D41D7C91E56E33A00123A71 /* AFSecurityPolicy.m in Sources */,
				3D41D7991E55903800123A71 /* IQKeyboardManager.m in Sources */,
				3D41D7D11E56E33A00123A71 /* UIButton+AFNetworking.m in Sources */,
				3D41D7931E55903800123A71 /* IQNSArray+Sort.m in Sources */,
				7466EAF01E51E95E00A2C0F5 /* AppDelegate.m in Sources */,
				3DFD45B71E5EE4AC00069D7D /* ProductManager.m in Sources */,
				3D41D7CB1E56E33A00123A71 /* AFURLResponseSerialization.m in Sources */,
				3D41D7691E5583D700123A71 /* UserViewController.m in Sources */,
				3D41D7D01E56E33A00123A71 /* UIActivityIndicatorView+AFNetworking.m in Sources */,
				7466EB0E1E51F8C900A2C0F5 /* MenuViewController.m in Sources */,
				3D41D7CD1E56E33A00123A71 /* AFAutoPurgingImageCache.m in Sources */,
				3D41D7961E55903800123A71 /* IQUIView+Hierarchy.m in Sources */,
				748B3A871E62944E00AA9AA6 /* UserManager.m in Sources */,
				3D0C18951E5AB0E2008CA470 /* DateTimePickerController.m in Sources */,
				3D41D7D51E56E33A00123A71 /* UIWebView+AFNetworking.m in Sources */,
				3D41D7A01E55903800123A71 /* IQUIView+IQKeyboardToolbar.m in Sources */,
				74E9046D1E58616F005D391D /* SupplyTableViewCell.m in Sources */,
				3D41D7D21E56E33A00123A71 /* UIImageView+AFNetworking.m in Sources */,
				3D41D7951E55903800123A71 /* IQUITextFieldView+Additions.m in Sources */,
				3D2F4B041E6FB2A600030536 /* RecommendListViewController.m in Sources */,
				74E904691E585DE0005D391D /* ShopDetailViewController.m in Sources */,
				742F5FFF1E5F5DB200DB1498 /* BaseViewController.m in Sources */,
				74ED223E1E5A05B40079D3F0 /* UserDetailViewController.m in Sources */,
				744424EE1E6B1BE900F0ECA8 /* ShopOrderViewController.m in Sources */,
				3DFD45B41E5EDEFF00069D7D /* OrderProductTableViewCell.m in Sources */,
				7466EB0F1E51F8C900A2C0F5 /* MenuCell.m in Sources */,
				3D41D79C1E55903800123A71 /* IQBarButtonItem.m in Sources */,
				74ED222E1E59FF1E0079D3F0 /* OrderTableViewCell.m in Sources */,
				3D41D7981E55903800123A71 /* IQUIWindow+Hierarchy.m in Sources */,
				74ED222A1E59FC660079D3F0 /* Order.m in Sources */,
				74E904601E585785005D391D /* ShopTableViewCell.m in Sources */,
				74ED223B1E5A05A00079D3F0 /* UserTableViewCell.m in Sources */,
				3DFD45BA1E5EE62F00069D7D /* ShopManager.m in Sources */,
				3D41D7CC1E56E33A00123A71 /* AFURLSessionManager.m in Sources */,
				3D6BF9051E6E9F8D00EA3ADB /* iCarousel.m in Sources */,
				748B3A841E62914800AA9AA6 /* AddNewUserViewController.m in Sources */,
				7466EB191E51FB1000A2C0F5 /* Utils.m in Sources */,
				74E904561E57F781005D391D /* Product.m in Sources */,
				3D41D7D41E56E33A00123A71 /* UIRefreshControl+AFNetworking.m in Sources */,
				3D41D79F1E55903800123A71 /* IQToolbar.m in Sources */,
				7466EAED1E51E95E00A2C0F5 /* main.m in Sources */,
				74ED22271E59F7160079D3F0 /* SupplyDetailViewController.m in Sources */,
				3D41D79E1E55903800123A71 /* IQTitleBarButtonItem.m in Sources */,
				74E904451E57F54D005D391D /* ProductCell.m in Sources */,
				3D41D79D1E55903800123A71 /* IQPreviousNextView.m in Sources */,
				3D41D7941E55903800123A71 /* IQUIScrollView+Additions.m in Sources */,
				3D41D7971E55903800123A71 /* IQUIViewController+Additions.m in Sources */,
				3D41D7CA1E56E33A00123A71 /* AFURLRequestSerialization.m in Sources */,
				3D41D79B1E55903800123A71 /* IQTextView.m in Sources */,
				74E904591E58174A005D391D /* ProductPopOverViewController.m in Sources */,
				3DFD45C01E5EE8CD00069D7D /* OrderManager.m in Sources */,
				74ED22311E59FF560079D3F0 /* OrderPopOverViewController.m in Sources */,
				3D41D7CF1E56E33A00123A71 /* AFNetworkActivityIndicatorManager.m in Sources */,
				744424EB1E6B089100F0ECA8 /* ShopProductTableViewCell.m in Sources */,
				3D41D7C81E56E33A00123A71 /* AFNetworkReachabilityManager.m in Sources */,
				74ED22341E59FF6E0079D3F0 /* OrderDetailViewController.m in Sources */,
				BCB4614D1E545EFA0090CBC3 /* SupplyViewController.m in Sources */,
				743242181E614EA6006ABCA0 /* CallbackAlertView.m in Sources */,
				BCB4614A1E545EB90090CBC3 /* ProductViewController.m in Sources */,
				3D0C18921E5A82C2008CA470 /* ActivityView.m in Sources */,
				3D41D7661E5583C400123A71 /* ShopViewController.m in Sources */,
				3DFD45BD1E5EE69C00069D7D /* SupplyManager.m in Sources */,
				74E904701E586189005D391D /* Supply.m in Sources */,
				74E904631E585834005D391D /* Shop.m in Sources */,
				3D41D76C1E558C9100123A71 /* LoginViewController.m in Sources */,
				74E9045C1E5822AD005D391D /* ProductDetailViewController.m in Sources */,
				7466EB121E51F9A800A2C0F5 /* OrderViewController.m in Sources */,
				74ED22371E5A05350079D3F0 /* User.m in Sources */,
				3D41D79A1E55903800123A71 /* IQKeyboardReturnKeyHandler.m in Sources */,
				3D41D7C71E56E33A00123A71 /* AFHTTPSessionManager.m in Sources */,
				3D41D7CE1E56E33A00123A71 /* AFImageDownloader.m in Sources */,
				748B3A8A1E62C36300AA9AA6 /* ValidateService.m in Sources */,
			);
			runOnlyForDeploymentPostprocessing = 0;
		};
/* End PBXSourcesBuildPhase section */

/* Begin PBXVariantGroup section */
		7466EAF91E51E95F00A2C0F5 /* LaunchScreen.storyboard */ = {
			isa = PBXVariantGroup;
			children = (
				7466EAFA1E51E95F00A2C0F5 /* Base */,
			);
			name = LaunchScreen.storyboard;
			sourceTree = "<group>";
		};
/* End PBXVariantGroup section */

/* Begin XCBuildConfiguration section */
		7466EAFD1E51E95F00A2C0F5 /* Debug */ = {
			isa = XCBuildConfiguration;
			buildSettings = {
				ALWAYS_SEARCH_USER_PATHS = NO;
				CLANG_ANALYZER_NONNULL = YES;
				CLANG_CXX_LANGUAGE_STANDARD = "gnu++0x";
				CLANG_CXX_LIBRARY = "libc++";
				CLANG_ENABLE_MODULES = YES;
				CLANG_ENABLE_OBJC_ARC = YES;
				CLANG_WARN_BOOL_CONVERSION = YES;
				CLANG_WARN_CONSTANT_CONVERSION = YES;
				CLANG_WARN_DIRECT_OBJC_ISA_USAGE = YES_ERROR;
				CLANG_WARN_DOCUMENTATION_COMMENTS = YES;
				CLANG_WARN_EMPTY_BODY = YES;
				CLANG_WARN_ENUM_CONVERSION = YES;
				CLANG_WARN_INFINITE_RECURSION = YES;
				CLANG_WARN_INT_CONVERSION = YES;
				CLANG_WARN_OBJC_ROOT_CLASS = YES_ERROR;
				CLANG_WARN_SUSPICIOUS_MOVES = YES;
				CLANG_WARN_UNREACHABLE_CODE = YES;
				CLANG_WARN__DUPLICATE_METHOD_MATCH = YES;
				"CODE_SIGN_IDENTITY[sdk=iphoneos*]" = "iPhone Developer";
				COPY_PHASE_STRIP = NO;
				DEBUG_INFORMATION_FORMAT = dwarf;
				ENABLE_STRICT_OBJC_MSGSEND = YES;
				ENABLE_TESTABILITY = YES;
				GCC_C_LANGUAGE_STANDARD = gnu99;
				GCC_DYNAMIC_NO_PIC = NO;
				GCC_NO_COMMON_BLOCKS = YES;
				GCC_OPTIMIZATION_LEVEL = 0;
				GCC_PREPROCESSOR_DEFINITIONS = (
					"DEBUG=1",
					"$(inherited)",
				);
				GCC_WARN_64_TO_32_BIT_CONVERSION = YES;
				GCC_WARN_ABOUT_RETURN_TYPE = YES_ERROR;
				GCC_WARN_UNDECLARED_SELECTOR = YES;
				GCC_WARN_UNINITIALIZED_AUTOS = YES_AGGRESSIVE;
				GCC_WARN_UNUSED_FUNCTION = YES;
				GCC_WARN_UNUSED_VARIABLE = YES;
				IPHONEOS_DEPLOYMENT_TARGET = 10.1;
				MTL_ENABLE_DEBUG_INFO = YES;
				ONLY_ACTIVE_ARCH = YES;
				SDKROOT = iphoneos;
				TARGETED_DEVICE_FAMILY = "1,2";
			};
			name = Debug;
		};
		7466EAFE1E51E95F00A2C0F5 /* Release */ = {
			isa = XCBuildConfiguration;
			buildSettings = {
				ALWAYS_SEARCH_USER_PATHS = NO;
				CLANG_ANALYZER_NONNULL = YES;
				CLANG_CXX_LANGUAGE_STANDARD = "gnu++0x";
				CLANG_CXX_LIBRARY = "libc++";
				CLANG_ENABLE_MODULES = YES;
				CLANG_ENABLE_OBJC_ARC = YES;
				CLANG_WARN_BOOL_CONVERSION = YES;
				CLANG_WARN_CONSTANT_CONVERSION = YES;
				CLANG_WARN_DIRECT_OBJC_ISA_USAGE = YES_ERROR;
				CLANG_WARN_DOCUMENTATION_COMMENTS = YES;
				CLANG_WARN_EMPTY_BODY = YES;
				CLANG_WARN_ENUM_CONVERSION = YES;
				CLANG_WARN_INFINITE_RECURSION = YES;
				CLANG_WARN_INT_CONVERSION = YES;
				CLANG_WARN_OBJC_ROOT_CLASS = YES_ERROR;
				CLANG_WARN_SUSPICIOUS_MOVES = YES;
				CLANG_WARN_UNREACHABLE_CODE = YES;
				CLANG_WARN__DUPLICATE_METHOD_MATCH = YES;
				"CODE_SIGN_IDENTITY[sdk=iphoneos*]" = "iPhone Developer";
				COPY_PHASE_STRIP = NO;
				DEBUG_INFORMATION_FORMAT = "dwarf-with-dsym";
				ENABLE_NS_ASSERTIONS = NO;
				ENABLE_STRICT_OBJC_MSGSEND = YES;
				GCC_C_LANGUAGE_STANDARD = gnu99;
				GCC_NO_COMMON_BLOCKS = YES;
				GCC_WARN_64_TO_32_BIT_CONVERSION = YES;
				GCC_WARN_ABOUT_RETURN_TYPE = YES_ERROR;
				GCC_WARN_UNDECLARED_SELECTOR = YES;
				GCC_WARN_UNINITIALIZED_AUTOS = YES_AGGRESSIVE;
				GCC_WARN_UNUSED_FUNCTION = YES;
				GCC_WARN_UNUSED_VARIABLE = YES;
				IPHONEOS_DEPLOYMENT_TARGET = 10.1;
				MTL_ENABLE_DEBUG_INFO = NO;
				SDKROOT = iphoneos;
				TARGETED_DEVICE_FAMILY = "1,2";
				VALIDATE_PRODUCT = YES;
			};
			name = Release;
		};
		7466EB001E51E95F00A2C0F5 /* Debug */ = {
			isa = XCBuildConfiguration;
			buildSettings = {
				ASSETCATALOG_COMPILER_APPICON_NAME = AppIcon;
				"CODE_SIGN_IDENTITY[sdk=iphoneos*]" = "iPhone Developer";
				DEVELOPMENT_TEAM = 966G4393N4;
				GCC_PRECOMPILE_PREFIX_HEADER = YES;
				GCC_PREFIX_HEADER = "$(SRCROOT)/$(PROJECT_NAME)/PrefixHeader.pch";
				INFOPLIST_FILE = "Market Manager/Info.plist";
				IPHONEOS_DEPLOYMENT_TARGET = 8.0;
				LD_RUNPATH_SEARCH_PATHS = "$(inherited) @executable_path/Frameworks";
				PRODUCT_BUNDLE_IDENTIFIER = "dev.Market-Manager";
				PRODUCT_NAME = "$(TARGET_NAME)";
				PROVISIONING_PROFILE = "91abf010-eb20-4042-89ee-532c22692835";
				PROVISIONING_PROFILE_SPECIFIER = "All App Development 2016";
			};
			name = Debug;
		};
		7466EB011E51E95F00A2C0F5 /* Release */ = {
			isa = XCBuildConfiguration;
			buildSettings = {
				ASSETCATALOG_COMPILER_APPICON_NAME = AppIcon;
				"CODE_SIGN_IDENTITY[sdk=iphoneos*]" = "iPhone Developer";
				DEVELOPMENT_TEAM = 966G4393N4;
				GCC_PRECOMPILE_PREFIX_HEADER = YES;
				GCC_PREFIX_HEADER = "$(SRCROOT)/$(PROJECT_NAME)/PrefixHeader.pch";
				INFOPLIST_FILE = "Market Manager/Info.plist";
				IPHONEOS_DEPLOYMENT_TARGET = 8.0;
				LD_RUNPATH_SEARCH_PATHS = "$(inherited) @executable_path/Frameworks";
				PRODUCT_BUNDLE_IDENTIFIER = "dev.Market-Manager";
				PRODUCT_NAME = "$(TARGET_NAME)";
				PROVISIONING_PROFILE = "91abf010-eb20-4042-89ee-532c22692835";
				PROVISIONING_PROFILE_SPECIFIER = "All App Development 2016";
			};
			name = Release;
		};
/* End XCBuildConfiguration section */

/* Begin XCConfigurationList section */
		7466EAE31E51E95E00A2C0F5 /* Build configuration list for PBXProject "Market Manager" */ = {
			isa = XCConfigurationList;
			buildConfigurations = (
				7466EAFD1E51E95F00A2C0F5 /* Debug */,
				7466EAFE1E51E95F00A2C0F5 /* Release */,
			);
			defaultConfigurationIsVisible = 0;
			defaultConfigurationName = Release;
		};
		7466EAFF1E51E95F00A2C0F5 /* Build configuration list for PBXNativeTarget "Market Manager" */ = {
			isa = XCConfigurationList;
			buildConfigurations = (
				7466EB001E51E95F00A2C0F5 /* Debug */,
				7466EB011E51E95F00A2C0F5 /* Release */,
			);
			defaultConfigurationIsVisible = 0;
			defaultConfigurationName = Release;
		};
/* End XCConfigurationList section */
	};
	rootObject = 7466EAE01E51E95E00A2C0F5 /* Project object */;
}
